
Microsoft Visual Studio Solution File, Format Version 12.00
# Visual Studio 15
Project("{FAE04EC0-301F-11D3-BF4B-00C04F79EFBC}") = "com.magnumfoundation3D.runtime", "com.magnumfoundation3D.runtime.csproj", "{A8F770A5-E8CB-0534-6972-0916CE47593C}"
EndProject
Project("{FAE04EC0-301F-11D3-BF4B-00C04F79EFBC}") = "Assembly-CSharp", "Assembly-CSharp.csproj", "{044DD417-47C5-6BE7-C4F8-99C5DB80FAD0}"
EndProject
Project("{FAE04EC0-301F-11D3-BF4B-00C04F79EFBC}") = "Assembly-CSharp-Editor", "Assembly-CSharp-Editor.csproj", "{6F0023EB-B0BF-A660-0A98-022BF3CF5F86}"
EndProject
Global
	GlobalSection(SolutionConfigurationPlatforms) = preSolution
		Debug|Any CPU = Debug|Any CPU
		Release|Any CPU = Release|Any CPU
	EndGlobalSection
	GlobalSection(ProjectConfigurationPlatforms) = postSolution
		{A8F770A5-E8CB-0534-6972-0916CE47593C}.Debug|Any CPU.ActiveCfg = Debug|Any CPU
		{A8F770A5-E8CB-0534-6972-0916CE47593C}.Debug|Any CPU.Build.0 = Debug|Any CPU
		{A8F770A5-E8CB-0534-6972-0916CE47593C}.Release|Any CPU.ActiveCfg = Release|Any CPU
		{A8F770A5-E8CB-0534-6972-0916CE47593C}.Release|Any CPU.Build.0 = Release|Any CPU
		{044DD417-47C5-6BE7-C4F8-99C5DB80FAD0}.Debug|Any CPU.ActiveCfg = Debug|Any CPU
		{044DD417-47C5-6BE7-C4F8-99C5DB80FAD0}.Debug|Any CPU.Build.0 = Debug|Any CPU
		{044DD417-47C5-6BE7-C4F8-99C5DB80FAD0}.Release|Any CPU.ActiveCfg = Release|Any CPU
		{044DD417-47C5-6BE7-C4F8-99C5DB80FAD0}.Release|Any CPU.Build.0 = Release|Any CPU
		{6F0023EB-B0BF-A660-0A98-022BF3CF5F86}.Debug|Any CPU.ActiveCfg = Debug|Any CPU
		{6F0023EB-B0BF-A660-0A98-022BF3CF5F86}.Debug|Any CPU.Build.0 = Debug|Any CPU
		{6F0023EB-B0BF-A660-0A98-022BF3CF5F86}.Release|Any CPU.ActiveCfg = Release|Any CPU
		{6F0023EB-B0BF-A660-0A98-022BF3CF5F86}.Release|Any CPU.Build.0 = Release|Any CPU
	EndGlobalSection
	GlobalSection(SolutionProperties) = preSolution
		HideSolutionNode = FALSE
	EndGlobalSection
EndGlobal
